lockfileVersion: '6.0'

settings:
  autoInstallPeers: true
  excludeLinksFromLockfile: false

dependencies:
  '@radix-ui/colors':
    specifier: ^3.0.0
    version: 3.0.0
  color-convert:
    specifier: ^2.0.1
    version: 2.0.1
  color-parse:
    specifier: ^2.0.0
    version: 2.0.0

packages:

  /@radix-ui/colors@3.0.0:
    resolution: {integrity: sha512-FUOsGBkHrYJwCSEtWRCIfQbZG7q1e6DgxCIOe1SUQzDe/7rXXeA47s8yCn6fuTNQAj1Zq4oTFi9Yjp3wzElcxg==}
    dev: false

  /color-convert@2.0.1:
    resolution: {integrity: sha512-RRECPsj7iu/xb5oKYcsFHSppFNnsj/52OVTRKb4zP5onXwVF3zVmmToNcOfGC+CRDpfK/U584fMg38ZHCaElKQ==}
    engines: {node: '>=7.0.0'}
    dependencies:
      color-name: 1.1.4
    dev: false

  /color-name@1.1.4:
    resolution: {integrity: sha512-dOy+3AuW3a2wNbZHIuMZpTcgjGuLU/uBL/ubcZF9OXbDo8ff4O8yVp5Bf0efS8uEoYo5q4Fx7dY9OgQGXgAsQA==}
    dev: false

  /color-parse@2.0.0:
    resolution: {integrity: sha512-g2Z+QnWsdHLppAbrpcFWo629kLOnOPtpxYV69GCqm92gqSgyXbzlfyN3MXs0412fPBkFmiuS+rXposgBgBa6Kg==}
    dependencies:
      color-name: 1.1.4
    dev: false
